# This file is autogenerated, do not edit; changes may be undone by the next 'dep ensure'.


[[projects]]
  digest = "1:c594a691090b434d55c67f6cc8e326ef5ba49452abc059821bd5d4fd4cdef08c"
  name = "github.com/gofrs/uuid"
  packages = ["."]
  pruneopts = "UT"
  revision = "7077aa61129615a0d7f45c49101cd011ab221c27"
  version = "v3.1.2"

[[projects]]
  branch = "master"
  digest = "1:8d051b1c18c92ede73c4b96e2c5eab79b066983546e7b0c92e0186ee7c211172"
  name = "github.com/jjeffery/kv"
  packages = [
    ".",
    "internal/logfmt",
    "internal/parse",
    "internal/pool",
  ]
  pruneopts = "UT"
  revision = "c8acedfc5c2e2d63da8918530f2d1b47b8ad41fb"

[[projects]]
  digest = "1:a55070088afb1b9e966d3a360d600df7ff6665c5ece00edd5e9c27ed2b7693c8"
  name = "github.com/karlmutch/errors"
  packages = ["."]
  pruneopts = "UT"
  revision = "ea57f12761514ae4a6f3179d0fe3567474b6cd13"
  version = "v1.0"

[[projects]]
  branch = "master"
  digest = "1:09f0fd179577d490cf995651e43f83ccaf7f192a2034679d3b8a676f6ade4c09"
  name = "github.com/karlmutch/logxi"
  packages = ["v1"]
  pruneopts = "UT"
  revision = "75b3c5d19c5eafe34b5870a5e61e86f5ce3aa683"

[[projects]]
  digest = "1:586ea76dbd0374d6fb649a91d70d652b7fe0ccffb8910a77468e7702e7901f3d"
  name = "github.com/karlmutch/stack"
  packages = ["."]
  pruneopts = "UT"
  revision = "2fee6af1a9795aafbe0253a0cfbdf668e1fb8a9a"
  version = "v1.8.0"

[[projects]]
  digest = "1:0bf9f056d8eb2bccbc698e1460e5a94cd523fdf23b738eaaf02fc350287175ef"
  name = "github.com/leaf-ai/studio-go-runner"
  packages = ["pkg/studio"]
  pruneopts = "UT"
  revision = "f300bd248cc5f7d99d7121448fa248a8dba9434a"
  version = "0.9.6"

[[projects]]
  digest = "1:c658e84ad3916da105a761660dcaeb01e63416c8ec7bc62256a9b411a05fcd67"
  name = "github.com/mattn/go-colorable"
  packages = ["."]
  pruneopts = "UT"
  revision = "167de6bfdfba052fa6b2d3664c8f5272e23c9072"
  version = "v0.0.9"

[[projects]]
  digest = "1:0981502f9816113c9c8c4ac301583841855c8cf4da8c72f696b3ebedf6d0e4e5"
  name = "github.com/mattn/go-isatty"
  packages = ["."]
  pruneopts = "UT"
  revision = "6ca4dbf54d38eea1a992b3c722a76a5d1c4cb25c"
  version = "v0.0.4"

[[projects]]
  branch = "master"
  digest = "1:2b32af4d2a529083275afc192d1067d8126b578c7a9613b26600e4df9c735155"
  name = "github.com/mgutz/ansi"
  packages = ["."]
  pruneopts = "UT"
  revision = "9520e82c474b0a04dd04f8a40959027271bab992"

[[projects]]
  branch = "master"
  digest = "1:f106a08663d0031b576f61ab81ffd80124da17096eab36aceb25b1b0d847da9a"
  name = "golang.org/x/sys"
  packages = ["unix"]
  pruneopts = "UT"
  revision = "7fbe1cd0fcc20051e1fcb87fbabec4a1bacaaeba"

[solve-meta]
  analyzer-name = "dep"
  analyzer-version = 1
  input-imports = [
    "github.com/gofrs/uuid",
    "github.com/karlmutch/errors",
    "github.com/karlmutch/stack",
    "github.com/leaf-ai/studio-go-runner/pkg/studio",
  ]
  solver-name = "gps-cdcl"
  solver-version = 1
